
Microsoft Visual Studio Solution File, Format Version 12.00
# Visual Studio Version 16
VisualStudioVersion = 16.0.30804.86
MinimumVisualStudioVersion = 10.0.40219.1
Project("{FAE04EC0-301F-11D3-BF4B-00C04F79EFBC}") = "Receiver", "Receiver\Receiver.csproj", "{7A8EE379-DA4E-415D-B653-6566AE571259}"
EndProject
Global
	GlobalSection(SolutionConfigurationPlatforms) = preSolution
		Debug|Any CPU = Debug|Any CPU
		Release|Any CPU = Release|Any CPU
	EndGlobalSection
	GlobalSection(ProjectConfigurationPlatforms) = postSolution
		{7A8EE379-DA4E-415D-B653-6566AE571259}.Debug|Any CPU.ActiveCfg = Debug|Any CPU
		{7A8EE379-DA4E-415D-B653-6566AE571259}.Debug|Any CPU.Build.0 = Debug|Any CPU
		{7A8EE379-DA4E-415D-B653-6566AE571259}.Release|Any CPU.ActiveCfg = Release|Any CPU
		{7A8EE379-DA4E-415D-B653-6566AE571259}.Release|Any CPU.Build.0 = Release|Any CPU
	EndGlobalSection
	GlobalSection(SolutionProperties) = preSolution
		HideSolutionNode = FALSE
	EndGlobalSection
	GlobalSection(ExtensibilityGlobals) = postSolution
		SolutionGuid = {B96754D3-CEE4-42E6-9F37-3A32421DD710}
	EndGlobalSection
EndGlobal
